// !$*UTF8*$!
{
	archiveVersion = 1;
	classes = {
	};
	objectVersion = 50;
	objects = {

/* Begin PBXBuildFile section */
		95B8C9DE25D10C5C00E35780 /* Tests_iOS.swift in Sources */ = {isa = PBXBuildFile; fileRef = 95B8C9DD25D10C5C00E35780 /* Tests_iOS.swift */; };
		95B8C9E925D10C5C00E35780 /* Tests_macOS.swift in Sources */ = {isa = PBXBuildFile; fileRef = 95B8C9E825D10C5C00E35780 /* Tests_macOS.swift */; };
		95B8C9EB25D10C5C00E35780 /* HomeWork2SwiftBookApp.swift in Sources */ = {isa = PBXBuildFile; fileRef = 95B8C9C225D10C5400E35780 /* HomeWork2SwiftBookApp.swift */; };
		95B8C9EC25D10C5C00E35780 /* HomeWork2SwiftBookApp.swift in Sources */ = {isa = PBXBuildFile; fileRef = 95B8C9C225D10C5400E35780 /* HomeWork2SwiftBookApp.swift */; };
		95B8C9ED25D10C5C00E35780 /* ContentView.swift in Sources */ = {isa = PBXBuildFile; fileRef = 95B8C9C325D10C5400E35780 /* ContentView.swift */; };
		95B8C9EE25D10C5C00E35780 /* ContentView.swift in Sources */ = {isa = PBXBuildFile; fileRef = 95B8C9C325D10C5400E35780 /* ContentView.swift */; };
		95B8C9EF25D10C5C00E35780 /* Assets.xcassets in Resources */ = {isa = PBXBuildFile; fileRef = 95B8C9C425D10C5B00E35780 /* Assets.xcassets */; };
		95B8C9F025D10C5C00E35780 /* Assets.xcassets in Resources */ = {isa = PBXBuildFile; fileRef = 95B8C9C425D10C5B00E35780 /* Assets.xcassets */; };
		95B8CA0425D1124C00E35780 /* ColoredView.swift in Sources */ = {isa = PBXBuildFile; fileRef = 95B8CA0325D1124C00E35780 /* ColoredView.swift */; };
		95B8CA0A25D11D2300E35780 /* SliderView.swift in Sources */ = {isa = PBXBuildFile; fileRef = 95B8CA0925D11D2300E35780 /* SliderView.swift */; };
/* End PBXBuildFile section */

/* Begin PBXContainerItemProxy section */
		95B8C9DA25D10C5C00E35780 /* PBXContainerItemProxy */ = {
			isa = PBXContainerItemProxy;
			containerPortal = 95B8C9BD25D10C5300E35780 /* Project object */;
			proxyType = 1;
			remoteGlobalIDString = 95B8C9C825D10C5C00E35780;
			remoteInfo = "HomeWork2SwiftBook (iOS)";
		};
		95B8C9E525D10C5C00E35780 /* PBXContainerItemProxy */ = {
			isa = PBXContainerItemProxy;
			containerPortal = 95B8C9BD25D10C5300E35780 /* Project object */;
			proxyType = 1;
			remoteGlobalIDString = 95B8C9D025D10C5C00E35780;
			remoteInfo = "HomeWork2SwiftBook (macOS)";
		};
/* End PBXContainerItemProxy section */

/* Begin PBXFileReference section */
		95B8C9C225D10C5400E35780 /* HomeWork2SwiftBookApp.swift */ = {isa = PBXFileReference; lastKnownFileType = sourcecode.swift; path = HomeWork2SwiftBookApp.swift; sourceTree = "<group>"; };
		95B8C9C325D10C5400E35780 /* ContentView.swift */ = {isa = PBXFileReference; lastKnownFileType = sourcecode.swift; path = ContentView.swift; sourceTree = "<group>"; };
		95B8C9C425D10C5B00E35780 /* Assets.xcassets */ = {isa = PBXFileReference; lastKnownFileType = folder.assetcatalog; path = Assets.xcassets; sourceTree = "<group>"; };
		95B8C9C925D10C5C00E35780 /* HomeWork2SwiftBook.app */ = {isa = PBXFileReference; explicitFileType = wrapper.application; includeInIndex = 0; path = HomeWork2SwiftBook.app; sourceTree = BUILT_PRODUCTS_DIR; };
		95B8C9CC25D10C5C00E35780 /* Info.plist */ = {isa = PBXFileReference; lastKnownFileType = text.plist.xml; path = Info.plist; sourceTree = "<group>"; };
		95B8C9D125D10C5C00E35780 /* HomeWork2SwiftBook.app */ = {isa = PBXFileReference; explicitFileType = wrapper.application; includeInIndex = 0; path = HomeWork2SwiftBook.app; sourceTree = BUILT_PRODUCTS_DIR; };
		95B8C9D325D10C5C00E35780 /* Info.plist */ = {isa = PBXFileReference; lastKnownFileType = text.plist.xml; path = Info.plist; sourceTree = "<group>"; };
		95B8C9D425D10C5C00E35780 /* macOS.entitlements */ = {isa = PBXFileReference; lastKnownFileType = text.plist.entitlements; path = macOS.entitlements; sourceTree = "<group>"; };
		95B8C9D925D10C5C00E35780 /* Tests iOS.xctest */ = {isa = PBXFileReference; explicitFileType = wrapper.cfbundle; includeInIndex = 0; path = "Tests iOS.xctest"; sourceTree = BUILT_PRODUCTS_DIR; };
		95B8C9DD25D10C5C00E35780 /* Tests_iOS.swift */ = {isa = PBXFileReference; lastKnownFileType = sourcecode.swift; path = Tests_iOS.swift; sourceTree = "<group>"; };
		95B8C9DF25D10C5C00E35780 /* Info.plist */ = {isa = PBXFileReference; lastKnownFileType = text.plist.xml; path = Info.plist; sourceTree = "<group>"; };
		95B8C9E425D10C5C00E35780 /* Tests macOS.xctest */ = {isa = PBXFileReference; explicitFileType = wrapper.cfbundle; includeInIndex = 0; path = "Tests macOS.xctest"; sourceTree = BUILT_PRODUCTS_DIR; };
		95B8C9E825D10C5C00E35780 /* Tests_macOS.swift */ = {isa = PBXFileReference; lastKnownFileType = sourcecode.swift; path = Tests_macOS.swift; sourceTree = "<group>"; };
		95B8C9EA25D10C5C00E35780 /* Info.plist */ = {isa = PBXFileReference; lastKnownFileType = text.plist.xml; path = Info.plist; sourceTree = "<group>"; };
		95B8CA0325D1124C00E35780 /* ColoredView.swift */ = {isa = PBXFileReference; lastKnownFileType = sourcecode.swift; path = ColoredView.swift; sourceTree = "<group>"; };
		95B8CA0925D11D2300E35780 /* SliderView.swift */ = {isa = PBXFileReference; lastKnownFileType = sourcecode.swift; path = SliderView.swift; sourceTree = "<group>"; };
/* End PBXFileReference section */

/* Begin PBXFrameworksBuildPhase section */
		95B8C9C625D10C5C00E35780 /* Frameworks */ = {
			isa = PBXFrameworksBuildPhase;
			buildActionMask = 2147483647;
			files = (
			);
			runOnlyForDeploymentPostprocessing = 0;
		};
		95B8C9CE25D10C5C00E35780 /* Frameworks */ = {
			isa = PBXFrameworksBuildPhase;
			buildActionMask = 2147483647;
			files = (
			);
			runOnlyForDeploymentPostprocessing = 0;
		};
		95B8C9D625D10C5C00E35780 /* Frameworks */ = {
			isa = PBXFrameworksBuildPhase;
			buildActionMask = 2147483647;
			files = (
			);
			runOnlyForDeploymentPostprocessing = 0;
		};
		95B8C9E125D10C5C00E35780 /* Frameworks */ = {
			isa = PBXFrameworksBuildPhase;
			buildActionMask = 2147483647;
			files = (
			);
			runOnlyForDeploymentPostprocessing = 0;
		};
/* End PBXFrameworksBuildPhase section */

/* Begin PBXGroup section */
		95B8C9BC25D10C5300E35780 = {
			isa = PBXGroup;
			children = (
				95B8C9C125D10C5400E35780 /* Shared */,
				95B8C9CB25D10C5C00E35780 /* iOS */,
				95B8C9D225D10C5C00E35780 /* macOS */,
				95B8C9DC25D10C5C00E35780 /* Tests iOS */,
				95B8C9E725D10C5C00E35780 /* Tests macOS */,
				95B8C9CA25D10C5C00E35780 /* Products */,
			);
			sourceTree = "<group>";
		};
		95B8C9C125D10C5400E35780 /* Shared */ = {
			isa = PBXGroup;
			children = (
				95B8C9C225D10C5400E35780 /* HomeWork2SwiftBookApp.swift */,
				95B8C9C325D10C5400E35780 /* ContentView.swift */,
				95B8CA0325D1124C00E35780 /* ColoredView.swift */,
				95B8CA0925D11D2300E35780 /* SliderView.swift */,
				95B8C9C425D10C5B00E35780 /* Assets.xcassets */,
			);
			path = Shared;
			sourceTree = "<group>";
		};
		95B8C9CA25D10C5C00E35780 /* Products */ = {
			isa = PBXGroup;
			children = (
				95B8C9C925D10C5C00E35780 /* HomeWork2SwiftBook.app */,
				95B8C9D125D10C5C00E35780 /* HomeWork2SwiftBook.app */,
				95B8C9D925D10C5C00E35780 /* Tests iOS.xctest */,
				95B8C9E425D10C5C00E35780 /* Tests macOS.xctest */,
			);
			name = Products;
			sourceTree = "<group>";
		};
		95B8C9CB25D10C5C00E35780 /* iOS */ = {
			isa = PBXGroup;
			children = (
				95B8C9CC25D10C5C00E35780 /* Info.plist */,
			);
			path = iOS;
			sourceTree = "<group>";
		};
		95B8C9D225D10C5C00E35780 /* macOS */ = {
			isa = PBXGroup;
			children = (
				95B8C9D325D10C5C00E35780 /* Info.plist */,
				95B8C9D425D10C5C00E35780 /* macOS.entitlements */,
			);
			path = macOS;
			sourceTree = "<group>";
		};
		95B8C9DC25D10C5C00E35780 /* Tests iOS */ = {
			isa = PBXGroup;
			children = (
				95B8C9DD25D10C5C00E35780 /* Tests_iOS.swift */,
				95B8C9DF25D10C5C00E35780 /* Info.plist */,
			);
			path = "Tests iOS";
			sourceTree = "<group>";
		};
		95B8C9E725D10C5C00E35780 /* Tests macOS */ = {
			isa = PBXGroup;
			children = (
				95B8C9E825D10C5C00E35780 /* Tests_macOS.swift */,
				95B8C9EA25D10C5C00E35780 /* Info.plist */,
			);
			path = "Tests macOS";
			sourceTree = "<group>";
		};
/* End PBXGroup section */

/* Begin PBXNativeTarget section */
		95B8C9C825D10C5C00E35780 /* HomeWork2SwiftBook (iOS) */ = {
			isa = PBXNativeTarget;
			buildConfigurationList = 95B8C9F325D10C5C00E35780 /* Build configuration list for PBXNativeTarget "HomeWork2SwiftBook (iOS)" */;
			buildPhases = (
				95B8C9C525D10C5C00E35780 /* Sources */,
				95B8C9C625D10C5C00E35780 /* Frameworks */,
				95B8C9C725D10C5C00E35780 /* Resources */,
			);
			buildRules = (
			);
			dependencies = (
			);
			name = "HomeWork2SwiftBook (iOS)";
			productName = "HomeWork2SwiftBook (iOS)";
			productReference = 95B8C9C925D10C5C00E35780 /* HomeWork2SwiftBook.app */;
			productType = "com.apple.product-type.application";
		};
		95B8C9D025D10C5C00E35780 /* HomeWork2SwiftBook (macOS) */ = {
			isa = PBXNativeTarget;
			buildConfigurationList = 95B8C9F625D10C5C00E35780 /* Build configuration list for PBXNativeTarget "HomeWork2SwiftBook (macOS)" */;
			buildPhases = (
				95B8C9CD25D10C5C00E35780 /* Sources */,
				95B8C9CE25D10C5C00E35780 /* Frameworks */,
				95B8C9CF25D10C5C00E35780 /* Resources */,
			);
			buildRules = (
			);
			dependencies = (
			);
			name = "HomeWork2SwiftBook (macOS)";
			productName = "HomeWork2SwiftBook (macOS)";
			productReference = 95B8C9D125D10C5C00E35780 /* HomeWork2SwiftBook.app */;
			productType = "com.apple.product-type.application";
		};
		95B8C9D825D10C5C00E35780 /* Tests iOS */ = {
			isa = PBXNativeTarget;
			buildConfigurationList = 95B8C9F925D10C5C00E35780 /* Build configuration list for PBXNativeTarget "Tests iOS" */;
			buildPhases = (
				95B8C9D525D10C5C00E35780 /* Sources */,
				95B8C9D625D10C5C00E35780 /* Frameworks */,
				95B8C9D725D10C5C00E35780 /* Resources */,
			);
			buildRules = (
			);
			dependencies = (
				95B8C9DB25D10C5C00E35780 /* PBXTargetDependency */,
			);
			name = "Tests iOS";
			productName = "Tests iOS";
			productReference = 95B8C9D925D10C5C00E35780 /* Tests iOS.xctest */;
			productType = "com.apple.product-type.bundle.ui-testing";
		};
		95B8C9E325D10C5C00E35780 /* Tests macOS */ = {
			isa = PBXNativeTarget;
			buildConfigurationList = 95B8C9FC25D10C5C00E35780 /* Build configuration list for PBXNativeTarget "Tests macOS" */;
			buildPhases = (
				95B8C9E025D10C5C00E35780 /* Sources */,
				95B8C9E125D10C5C00E35780 /* Frameworks */,
				95B8C9E225D10C5C00E35780 /* Resources */,
			);
			buildRules = (
			);
			dependencies = (
				95B8C9E625D10C5C00E35780 /* PBXTargetDependency */,
			);
			name = "Tests macOS";
			productName = "Tests macOS";
			productReference = 95B8C9E425D10C5C00E35780 /* Tests macOS.xctest */;
			productType = "com.apple.product-type.bundle.ui-testing";
		};
/* End PBXNativeTarget section */

/* Begin PBXProject section */
		95B8C9BD25D10C5300E35780 /* Project object */ = {
			isa = PBXProject;
			attributes = {
				LastSwiftUpdateCheck = 1240;
				LastUpgradeCheck = 1240;
				TargetAttributes = {
					95B8C9C825D10C5C00E35780 = {
						CreatedOnToolsVersion = 12.4;
					};
					95B8C9D025D10C5C00E35780 = {
						CreatedOnToolsVersion = 12.4;
					};
					95B8C9D825D10C5C00E35780 = {
						CreatedOnToolsVersion = 12.4;
						TestTargetID = 95B8C9C825D10C5C00E35780;
					};
					95B8C9E325D10C5C00E35780 = {
						CreatedOnToolsVersion = 12.4;
						TestTargetID = 95B8C9D025D10C5C00E35780;
					};
				};
			};
			buildConfigurationList = 95B8C9C025D10C5300E35780 /* Build configuration list for PBXProject "HomeWork2SwiftBook" */;
			compatibilityVersion = "Xcode 9.3";
			developmentRegion = en;
			hasScannedForEncodings = 0;
			knownRegions = (
				en,
				Base,
			);
			mainGroup = 95B8C9BC25D10C5300E35780;
			productRefGroup = 95B8C9CA25D10C5C00E35780 /* Products */;
			projectDirPath = "";
			projectRoot = "";
			targets = (
				95B8C9C825D10C5C00E35780 /* HomeWork2SwiftBook (iOS) */,
				95B8C9D025D10C5C00E35780 /* HomeWork2SwiftBook (macOS) */,
				95B8C9D825D10C5C00E35780 /* Tests iOS */,
				95B8C9E325D10C5C00E35780 /* Tests macOS */,
			);
		};
/* End PBXProject section */

/* Begin PBXResourcesBuildPhase section */
		95B8C9C725D10C5C00E35780 /* Resources */ = {
			isa = PBXResourcesBuildPhase;
			buildActionMask = 2147483647;
			files = (
				95B8C9EF25D10C5C00E35780 /* Assets.xcassets in Resources */,
			);
			runOnlyForDeploymentPostprocessing = 0;
		};
		95B8C9CF25D10C5C00E35780 /* Resources */ = {
			isa = PBXResourcesBuildPhase;
			buildActionMask = 2147483647;
			files = (
				95B8C9F025D10C5C00E35780 /* Assets.xcassets in Resources */,
			);
			runOnlyForDeploymentPostprocessing = 0;
		};
		95B8C9D725D10C5C00E35780 /* Resources */ = {
			isa = PBXResourcesBuildPhase;
			buildActionMask = 2147483647;
			files = (
			);
			runOnlyForDeploymentPostprocessing = 0;
		};
		95B8C9E225D10C5C00E35780 /* Resources */ = {
			isa = PBXResourcesBuildPhase;
			buildActionMask = 2147483647;
			files = (
			);
			runOnlyForDeploymentPostprocessing = 0;
		};
/* End PBXResourcesBuildPhase section */

/* Begin PBXSourcesBuildPhase section */
		95B8C9C525D10C5C00E35780 /* Sources */ = {
			isa = PBXSourcesBuildPhase;
			buildActionMask = 2147483647;
			files = (
				95B8C9ED25D10C5C00E35780 /* ContentView.swift in Sources */,
				95B8C9EB25D10C5C00E35780 /* HomeWork2SwiftBookApp.swift in Sources */,
				95B8CA0A25D11D2300E35780 /* SliderView.swift in Sources */,
				95B8CA0425D1124C00E35780 /* ColoredView.swift in Sources */,
			);
			runOnlyForDeploymentPostprocessing = 0;
		};
		95B8C9CD25D10C5C00E35780 /* Sources */ = {
			isa = PBXSourcesBuildPhase;
			buildActionMask = 2147483647;
			files = (
				95B8C9EE25D10C5C00E35780 /* ContentView.swift in Sources */,
				95B8C9EC25D10C5C00E35780 /* HomeWork2SwiftBookApp.swift in Sources */,
			);
			runOnlyForDeploymentPostprocessing = 0;
		};
		95B8C9D525D10C5C00E35780 /* Sources */ = {
			isa = PBXSourcesBuildPhase;
			buildActionMask = 2147483647;
			files = (
				95B8C9DE25D10C5C00E35780 /* Tests_iOS.swift in Sources */,
			);
			runOnlyForDeploymentPostprocessing = 0;
		};
		95B8C9E025D10C5C00E35780 /* Sources */ = {
			isa = PBXSourcesBuildPhase;
			buildActionMask = 2147483647;
			files = (
				95B8C9E925D10C5C00E35780 /* Tests_macOS.swift in Sources */,
			);
			runOnlyForDeploymentPostprocessing = 0;
		};
/* End PBXSourcesBuildPhase section */

/* Begin PBXTargetDependency section */
		95B8C9DB25D10C5C00E35780 /* PBXTargetDependency */ = {
			isa = PBXTargetDependency;
			target = 95B8C9C825D10C5C00E35780 /* HomeWork2SwiftBook (iOS) */;
			targetProxy = 95B8C9DA25D10C5C00E35780 /* PBXContainerItemProxy */;
		};
		95B8C9E625D10C5C00E35780 /* PBXTargetDependency */ = {
			isa = PBXTargetDependency;
			target = 95B8C9D025D10C5C00E35780 /* HomeWork2SwiftBook (macOS) */;
			targetProxy = 95B8C9E525D10C5C00E35780 /* PBXContainerItemProxy */;
		};
/* End PBXTargetDependency section */

/* Begin XCBuildConfiguration section */
		95B8C9F125D10C5C00E35780 /* Debug */ = {
			isa = XCBuildConfiguration;
			buildSettings = {
				ALWAYS_SEARCH_USER_PATHS = NO;
				CLANG_ANALYZER_NONNULL = YES;
				CLANG_ANALYZER_NUMBER_OBJECT_CONVERSION = YES_AGGRESSIVE;
				CLANG_CXX_LANGUAGE_STANDARD = "gnu++14";
				CLANG_CXX_LIBRARY = "libc++";
				CLANG_ENABLE_MODULES = YES;
				CLANG_ENABLE_OBJC_ARC = YES;
				CLANG_ENABLE_OBJC_WEAK = YES;
				CLANG_WARN_BLOCK_CAPTURE_AUTORELEASING = YES;
				CLANG_WARN_BOOL_CONVERSION = YES;
				CLANG_WARN_COMMA = YES;
				CLANG_WARN_CONSTANT_CONVERSION = YES;
				CLANG_WARN_DEPRECATED_OBJC_IMPLEMENTATIONS = YES;
				CLANG_WARN_DIRECT_OBJC_ISA_USAGE = YES_ERROR;
				CLANG_WARN_DOCUMENTATION_COMMENTS = YES;
				CLANG_WARN_EMPTY_BODY = YES;
				CLANG_WARN_ENUM_CONVERSION = YES;
				CLANG_WARN_INFINITE_RECURSION = YES;
				CLANG_WARN_INT_CONVERSION = YES;
				CLANG_WARN_NON_LITERAL_NULL_CONVERSION = YES;
				CLANG_WARN_OBJC_IMPLICIT_RETAIN_SELF = YES;
				CLANG_WARN_OBJC_LITERAL_CONVERSION = YES;
				CLANG_WARN_OBJC_ROOT_CLASS = YES_ERROR;
				CLANG_WARN_QUOTED_INCLUDE_IN_FRAMEWORK_HEADER = YES;
				CLANG_WARN_RANGE_LOOP_ANALYSIS = YES;
				CLANG_WARN_STRICT_PROTOTYPES = YES;
				CLANG_WARN_SUSPICIOUS_MOVE = YES;
				CLANG_WARN_UNGUARDED_AVAILABILITY = YES_AGGRESSIVE;
				CLANG_WARN_UNREACHABLE_CODE = YES;
				CLANG_WARN__DUPLICATE_METHOD_MATCH = YES;
				COPY_PHASE_STRIP = NO;
				DEBUG_INFORMATION_FORMAT = dwarf;
				ENABLE_STRICT_OBJC_MSGSEND = YES;
				ENABLE_TESTABILITY = YES;
				GCC_C_LANGUAGE_STANDARD = gnu11;
				GCC_DYNAMIC_NO_PIC = NO;
				GCC_NO_COMMON_BLOCKS = YES;
				GCC_OPTIMIZATION_LEVEL = 0;
				GCC_PREPROCESSOR_DEFINITIONS = (
					"DEBUG=1",
					"$(inherited)",
				);
				GCC_WARN_64_TO_32_BIT_CONVERSION = YES;
				GCC_WARN_ABOUT_RETURN_TYPE = YES_ERROR;
				GCC_WARN_UNDECLARED_SELECTOR = YES;
				GCC_WARN_UNINITIALIZED_AUTOS = YES_AGGRESSIVE;
				GCC_WARN_UNUSED_FUNCTION = YES;
				GCC_WARN_UNUSED_VARIABLE = YES;
				MTL_ENABLE_DEBUG_INFO = INCLUDE_SOURCE;
				MTL_FAST_MATH = YES;
				ONLY_ACTIVE_ARCH = YES;
				SWIFT_ACTIVE_COMPILATION_CONDITIONS = DEBUG;
				SWIFT_OPTIMIZATION_LEVEL = "-Onone";
			};
			name = Debug;
		};
		95B8C9F225D10C5C00E35780 /* Release */ = {
			isa = XCBuildConfiguration;
			buildSettings = {
				ALWAYS_SEARCH_USER_PATHS = NO;
				CLANG_ANALYZER_NONNULL = YES;
				CLANG_ANALYZER_NUMBER_OBJECT_CONVERSION = YES_AGGRESSIVE;
				CLANG_CXX_LANGUAGE_STANDARD = "gnu++14";
				CLANG_CXX_LIBRARY = "libc++";
				CLANG_ENABLE_MODULES = YES;
				CLANG_ENABLE_OBJC_ARC = YES;
				CLANG_ENABLE_OBJC_WEAK = YES;
				CLANG_WARN_BLOCK_CAPTURE_AUTORELEASING = YES;
				CLANG_WARN_BOOL_CONVERSION = YES;
				CLANG_WARN_COMMA = YES;
				CLANG_WARN_CONSTANT_CONVERSION = YES;
				CLANG_WARN_DEPRECATED_OBJC_IMPLEMENTATIONS = YES;
				CLANG_WARN_DIRECT_OBJC_ISA_USAGE = YES_ERROR;
				CLANG_WARN_DOCUMENTATION_COMMENTS = YES;
				CLANG_WARN_EMPTY_BODY = YES;
				CLANG_WARN_ENUM_CONVERSION = YES;
				CLANG_WARN_INFINITE_RECURSION = YES;
				CLANG_WARN_INT_CONVERSION = YES;
				CLANG_WARN_NON_LITERAL_NULL_CONVERSION = YES;
				CLANG_WARN_OBJC_IMPLICIT_RETAIN_SELF = YES;
				CLANG_WARN_OBJC_LITERAL_CONVERSION = YES;
				CLANG_WARN_OBJC_ROOT_CLASS = YES_ERROR;
				CLANG_WARN_QUOTED_INCLUDE_IN_FRAMEWORK_HEADER = YES;
				CLANG_WARN_RANGE_LOOP_ANALYSIS = YES;
				CLANG_WARN_STRICT_PROTOTYPES = YES;
				CLANG_WARN_SUSPICIOUS_MOVE = YES;
				CLANG_WARN_UNGUARDED_AVAILABILITY = YES_AGGRESSIVE;
				CLANG_WARN_UNREACHABLE_CODE = YES;
				CLANG_WARN__DUPLICATE_METHOD_MATCH = YES;
				COPY_PHASE_STRIP = NO;
				DEBUG_INFORMATION_FORMAT = "dwarf-with-dsym";
				ENABLE_NS_ASSERTIONS = NO;
				ENABLE_STRICT_OBJC_MSGSEND = YES;
				GCC_C_LANGUAGE_STANDARD = gnu11;
				GCC_NO_COMMON_BLOCKS = YES;
				GCC_WARN_64_TO_32_BIT_CONVERSION = YES;
				GCC_WARN_ABOUT_RETURN_TYPE = YES_ERROR;
				GCC_WARN_UNDECLARED_SELECTOR = YES;
				GCC_WARN_UNINITIALIZED_AUTOS = YES_AGGRESSIVE;
				GCC_WARN_UNUSED_FUNCTION = YES;
				GCC_WARN_UNUSED_VARIABLE = YES;
				MTL_ENABLE_DEBUG_INFO = NO;
				MTL_FAST_MATH = YES;
				SWIFT_COMPILATION_MODE = wholemodule;
				SWIFT_OPTIMIZATION_LEVEL = "-O";
			};
			name = Release;
		};
		95B8C9F425D10C5C00E35780 /* Debug */ = {
			isa = XCBuildConfiguration;
			buildSettings = {
				ASSETCATALOG_COMPILER_APPICON_NAME = AppIcon;
				ASSETCATALOG_COMPILER_GLOBAL_ACCENT_COLOR_NAME = AccentColor;
				CODE_SIGN_STYLE = Automatic;
				DEVELOPMENT_TEAM = KS93C8UM2T;
				ENABLE_PREVIEWS = YES;
				INFOPLIST_FILE = iOS/Info.plist;
				IPHONEOS_DEPLOYMENT_TARGET = 14.0;
				LD_RUNPATH_SEARCH_PATHS = (
					"$(inherited)",
					"@executable_path/Frameworks",
				);
				PRODUCT_BUNDLE_IDENTIFIER = HomeWork2SwiftBook.HomeWork2SwiftBook;
				PRODUCT_NAME = HomeWork2SwiftBook;
				SDKROOT = iphoneos;
				SWIFT_VERSION = 5.0;
				TARGETED_DEVICE_FAMILY = "1,2";
			};
			name = Debug;
		};
		95B8C9F525D10C5C00E35780 /* Release */ = {
			isa = XCBuildConfiguration;
			buildSettings = {
				ASSETCATALOG_COMPILER_APPICON_NAME = AppIcon;
				ASSETCATALOG_COMPILER_GLOBAL_ACCENT_COLOR_NAME = AccentColor;
				CODE_SIGN_STYLE = Automatic;
				DEVELOPMENT_TEAM = KS93C8UM2T;
				ENABLE_PREVIEWS = YES;
				INFOPLIST_FILE = iOS/Info.plist;
				IPHONEOS_DEPLOYMENT_TARGET = 14.0;
				LD_RUNPATH_SEARCH_PATHS = (
					"$(inherited)",
					"@executable_path/Frameworks",
				);
				PRODUCT_BUNDLE_IDENTIFIER = HomeWork2SwiftBook.HomeWork2SwiftBook;
				PRODUCT_NAME = HomeWork2SwiftBook;
				SDKROOT = iphoneos;
				SWIFT_VERSION = 5.0;
				TARGETED_DEVICE_FAMILY = "1,2";
				VALIDATE_PRODUCT = YES;
			};
			name = Release;
		};
		95B8C9F725D10C5C00E35780 /* Debug */ = {
			isa = XCBuildConfiguration;
			buildSettings = {
				ASSETCATALOG_COMPILER_APPICON_NAME = AppIcon;
				ASSETCATALOG_COMPILER_GLOBAL_ACCENT_COLOR_NAME = AccentColor;
				CODE_SIGN_ENTITLEMENTS = macOS/macOS.entitlements;
				CODE_SIGN_STYLE = Automatic;
				COMBINE_HIDPI_IMAGES = YES;
				DEVELOPMENT_TEAM = KS93C8UM2T;
				ENABLE_HARDENED_RUNTIME = YES;
				ENABLE_PREVIEWS = YES;
				INFOPLIST_FILE = macOS/Info.plist;
				LD_RUNPATH_SEARCH_PATHS = (
					"$(inherited)",
					"@executable_path/../Frameworks",
				);
				MACOSX_DEPLOYMENT_TARGET = 11.0;
				PRODUCT_BUNDLE_IDENTIFIER = HomeWork2SwiftBook.HomeWork2SwiftBook;
				PRODUCT_NAME = HomeWork2SwiftBook;
				SDKROOT = macosx;
				SWIFT_VERSION = 5.0;
			};
			name = Debug;
		};
		95B8C9F825D10C5C00E35780 /* Release */ = {
			isa = XCBuildConfiguration;
			buildSettings = {
				ASSETCATALOG_COMPILER_APPICON_NAME = AppIcon;
				ASSETCATALOG_COMPILER_GLOBAL_ACCENT_COLOR_NAME = AccentColor;
				CODE_SIGN_ENTITLEMENTS = macOS/macOS.entitlements;
				CODE_SIGN_STYLE = Automatic;
				COMBINE_HIDPI_IMAGES = YES;
				DEVELOPMENT_TEAM = KS93C8UM2T;
				ENABLE_HARDENED_RUNTIME = YES;
				ENABLE_PREVIEWS = YES;
				INFOPLIST_FILE = macOS/Info.plist;
				LD_RUNPATH_SEARCH_PATHS = (
					"$(inherited)",
					"@executable_path/../Frameworks",
				);
				MACOSX_DEPLOYMENT_TARGET = 11.0;
				PRODUCT_BUNDLE_IDENTIFIER = HomeWork2SwiftBook.HomeWork2SwiftBook;
				PRODUCT_NAME = HomeWork2SwiftBook;
				SDKROOT = macosx;
				SWIFT_VERSION = 5.0;
			};
			name = Release;
		};
		95B8C9FA25D10C5C00E35780 /* Debug */ = {
			isa = XCBuildConfiguration;
			buildSettings = {
				ALWAYS_EMBED_SWIFT_STANDARD_LIBRARIES = YES;
				CODE_SIGN_STYLE = Automatic;
				DEVELOPMENT_TEAM = KS93C8UM2T;
				INFOPLIST_FILE = "Tests iOS/Info.plist";
				IPHONEOS_DEPLOYMENT_TARGET = 14.4;
				LD_RUNPATH_SEARCH_PATHS = (
					"$(inherited)",
					"@executable_path/Frameworks",
					"@loader_path/Frameworks",
				);
				PRODUCT_BUNDLE_IDENTIFIER = "HomeWork2SwiftBook.Tests-iOS";
				PRODUCT_NAME = "$(TARGET_NAME)";
				SDKROOT = iphoneos;
				SWIFT_VERSION = 5.0;
				TARGETED_DEVICE_FAMILY = "1,2";
				TEST_TARGET_NAME = "HomeWork2SwiftBook (iOS)";
			};
			name = Debug;
		};
		95B8C9FB25D10C5C00E35780 /* Release */ = {
			isa = XCBuildConfiguration;
			buildSettings = {
				ALWAYS_EMBED_SWIFT_STANDARD_LIBRARIES = YES;
				CODE_SIGN_STYLE = Automatic;
				DEVELOPMENT_TEAM = KS93C8UM2T;
				INFOPLIST_FILE = "Tests iOS/Info.plist";
				IPHONEOS_DEPLOYMENT_TARGET = 14.4;
				LD_RUNPATH_SEARCH_PATHS = (
					"$(inherited)",
					"@executable_path/Frameworks",
					"@loader_path/Frameworks",
				);
				PRODUCT_BUNDLE_IDENTIFIER = "HomeWork2SwiftBook.Tests-iOS";
				PRODUCT_NAME = "$(TARGET_NAME)";
				SDKROOT = iphoneos;
				SWIFT_VERSION = 5.0;
				TARGETED_DEVICE_FAMILY = "1,2";
				TEST_TARGET_NAME = "HomeWork2SwiftBook (iOS)";
				VALIDATE_PRODUCT = YES;
			};
			name = Release;
		};
		95B8C9FD25D10C5C00E35780 /* Debug */ = {
			isa = XCBuildConfiguration;
			buildSettings = {
				ALWAYS_EMBED_SWIFT_STANDARD_LIBRARIES = YES;
				CODE_SIGN_STYLE = Automatic;
				COMBINE_HIDPI_IMAGES = YES;
				DEVELOPMENT_TEAM = KS93C8UM2T;
				INFOPLIST_FILE = "Tests macOS/Info.plist";
				LD_RUNPATH_SEARCH_PATHS = (
					"$(inherited)",
					"@executable_path/../Frameworks",
					"@loader_path/../Frameworks",
				);
				MACOSX_DEPLOYMENT_TARGET = 11.1;
				PRODUCT_BUNDLE_IDENTIFIER = "HomeWork2SwiftBook.Tests-macOS";
				PRODUCT_NAME = "$(TARGET_NAME)";
				SDKROOT = macosx;
				SWIFT_VERSION = 5.0;
				TEST_TARGET_NAME = "HomeWork2SwiftBook (macOS)";
			};
			name = Debug;
		};
		95B8C9FE25D10C5C00E35780 /* Release */ = {
			isa = XCBuildConfiguration;
			buildSettings = {
				ALWAYS_EMBED_SWIFT_STANDARD_LIBRARIES = YES;
				CODE_SIGN_STYLE = Automatic;
				COMBINE_HIDPI_IMAGES = YES;
				DEVELOPMENT_TEAM = KS93C8UM2T;
				INFOPLIST_FILE = "Tests macOS/Info.plist";
				LD_RUNPATH_SEARCH_PATHS = (
					"$(inherited)",
					"@executable_path/../Frameworks",
					"@loader_path/../Frameworks",
				);
				MACOSX_DEPLOYMENT_TARGET = 11.1;
				PRODUCT_BUNDLE_IDENTIFIER = "HomeWork2SwiftBook.Tests-macOS";
				PRODUCT_NAME = "$(TARGET_NAME)";
				SDKROOT = macosx;
				SWIFT_VERSION = 5.0;
				TEST_TARGET_NAME = "HomeWork2SwiftBook (macOS)";
			};
			name = Release;
		};
/* End XCBuildConfiguration section */

/* Begin XCConfigurationList section */
		95B8C9C025D10C5300E35780 /* Build configuration list for PBXProject "HomeWork2SwiftBook" */ = {
			isa = XCConfigurationList;
			buildConfigurations = (
				95B8C9F125D10C5C00E35780 /* Debug */,
				95B8C9F225D10C5C00E35780 /* Release */,
			);
			defaultConfigurationIsVisible = 0;
			defaultConfigurationName = Release;
		};
		95B8C9F325D10C5C00E35780 /* Build configuration list for PBXNativeTarget "HomeWork2SwiftBook (iOS)" */ = {
			isa = XCConfigurationList;
			buildConfigurations = (
				95B8C9F425D10C5C00E35780 /* Debug */,
				95B8C9F525D10C5C00E35780 /* Release */,
			);
			defaultConfigurationIsVisible = 0;
			defaultConfigurationName = Release;
		};
		95B8C9F625D10C5C00E35780 /* Build configuration list for PBXNativeTarget "HomeWork2SwiftBook (macOS)" */ = {
			isa = XCConfigurationList;
			buildConfigurations = (
				95B8C9F725D10C5C00E35780 /* Debug */,
				95B8C9F825D10C5C00E35780 /* Release */,
			);
			defaultConfigurationIsVisible = 0;
			defaultConfigurationName = Release;
		};
		95B8C9F925D10C5C00E35780 /* Build configuration list for PBXNativeTarget "Tests iOS" */ = {
			isa = XCConfigurationList;
			buildConfigurations = (
				95B8C9FA25D10C5C00E35780 /* Debug */,
				95B8C9FB25D10C5C00E35780 /* Release */,
			);
			defaultConfigurationIsVisible = 0;
			defaultConfigurationName = Release;
		};
		95B8C9FC25D10C5C00E35780 /* Build configuration list for PBXNativeTarget "Tests macOS" */ = {
			isa = XCConfigurationList;
			buildConfigurations = (
				95B8C9FD25D10C5C00E35780 /* Debug */,
				95B8C9FE25D10C5C00E35780 /* Release */,
			);
			defaultConfigurationIsVisible = 0;
			defaultConfigurationName = Release;
		};
/* End XCConfigurationList section */
	};
	rootObject = 95B8C9BD25D10C5300E35780 /* Project object */;
}
